
Microsoft Visual Studio Solution File, Format Version 12.00
# Visual Studio Version 17
VisualStudioVersion = 17.9.34728.123
MinimumVisualStudioVersion = 10.0.40219.1
Project("{FAE04EC0-301F-11D3-BF4B-00C04F79EFBC}") = "patterns2", "patterns2\patterns2.csproj", "{497A517C-FEF7-47C0-AA16-71917619C759}"
EndProject
Global
	GlobalSection(SolutionConfigurationPlatforms) = preSolution
		Debug|Any CPU = Debug|Any CPU
		Release|Any CPU = Release|Any CPU
	EndGlobalSection
	GlobalSection(ProjectConfigurationPlatforms) = postSolution
		{497A517C-FEF7-47C0-AA16-71917619C759}.Debug|Any CPU.ActiveCfg = Debug|Any CPU
		{497A517C-FEF7-47C0-AA16-71917619C759}.Debug|Any CPU.Build.0 = Debug|Any CPU
		{497A517C-FEF7-47C0-AA16-71917619C759}.Release|Any CPU.ActiveCfg = Release|Any CPU
		{497A517C-FEF7-47C0-AA16-71917619C759}.Release|Any CPU.Build.0 = Release|Any CPU
	EndGlobalSection
	GlobalSection(SolutionProperties) = preSolution
		HideSolutionNode = FALSE
	EndGlobalSection
	GlobalSection(ExtensibilityGlobals) = postSolution
		SolutionGuid = {AAAD42E6-165F-46D3-A327-B29DE8A9838E}
	EndGlobalSection
EndGlobal
